
Microsoft Visual Studio Solution File, Format Version 12.00
# Visual Studio 15
VisualStudioVersion = 15.0.28307.705
MinimumVisualStudioVersion = 10.0.40219.1
Project("{FAE04EC0-301F-11D3-BF4B-00C04F79EFBC}") = "canta", "canta\canta.csproj", "{1590BBF7-C46B-42F3-BA7D-03A4C5C122B9}"
EndProject
Project("{FAE04EC0-301F-11D3-BF4B-00C04F79EFBC}") = "CreateOwnKeylogger_GrayScale", "Yeni klasör\CreateOwnKeylogger_GrayScale\CreateOwnKeylogger_GrayScale\CreateOwnKeylogger_GrayScale.csproj", "{7E1CED93-0CF2-4C61-B6C1-F27B099644D6}"
EndProject
Global
	GlobalSection(SolutionConfigurationPlatforms) = preSolution
		Debug|Any CPU = Debug|Any CPU
		Release|Any CPU = Release|Any CPU
	EndGlobalSection
	GlobalSection(ProjectConfigurationPlatforms) = postSolution
		{1590BBF7-C46B-42F3-BA7D-03A4C5C122B9}.Debug|Any CPU.ActiveCfg = Debug|Any CPU
		{1590BBF7-C46B-42F3-BA7D-03A4C5C122B9}.Debug|Any CPU.Build.0 = Debug|Any CPU
		{1590BBF7-C46B-42F3-BA7D-03A4C5C122B9}.Release|Any CPU.ActiveCfg = Release|Any CPU
		{1590BBF7-C46B-42F3-BA7D-03A4C5C122B9}.Release|Any CPU.Build.0 = Release|Any CPU
		{7E1CED93-0CF2-4C61-B6C1-F27B099644D6}.Debug|Any CPU.ActiveCfg = Debug|Any CPU
		{7E1CED93-0CF2-4C61-B6C1-F27B099644D6}.Debug|Any CPU.Build.0 = Debug|Any CPU
		{7E1CED93-0CF2-4C61-B6C1-F27B099644D6}.Release|Any CPU.ActiveCfg = Release|Any CPU
		{7E1CED93-0CF2-4C61-B6C1-F27B099644D6}.Release|Any CPU.Build.0 = Release|Any CPU
	EndGlobalSection
	GlobalSection(SolutionProperties) = preSolution
		HideSolutionNode = FALSE
	EndGlobalSection
	GlobalSection(ExtensibilityGlobals) = postSolution
		SolutionGuid = {4189C5CF-A874-4F3F-927A-753787FF2508}
	EndGlobalSection
EndGlobal
